<?xml version="1.0" encoding="utf-8"?>
<Project ToolsVersion="4.0" xmlns="http://schemas.microsoft.com/developer/msbuild/2003">
  <ItemGroup>
    <CudaCompile Include="circular_worklist_test.cu" />
    <CudaCompile Include="worklist_test.cu" />
    <CudaCompile Include="router_test.cu" />
  </ItemGroup>
  <ItemGroup>
    <ClCompile Include="main.cpp" />
  </ItemGroup>
  <ItemGroup>
    <Filter Include="groute">
      <UniqueIdentifier>{cbe4b039-2ba0-4bc4-a76c-166ff2db2f10}</UniqueIdentifier>
    </Filter>
    <Filter Include="groute\graphs">
      <UniqueIdentifier>{b37262f4-862a-4a48-af1a-77f3f1fc57a0}</UniqueIdentifier>
    </Filter>
    <Filter Include="groute\device">
      <UniqueIdentifier>{9b72c01e-7707-4e08-98f7-aba53b2201a7}</UniqueIdentifier>
    </Filter>
    <Filter Include="groute\dwl">
      <UniqueIdentifier>{2a528a60-f0b1-4b22-beaa-3d26a7509b2d}</UniqueIdentifier>
    </Filter>
    <Filter Include="groute\internal">
      <UniqueIdentifier>{1b9f306c-9375-4ee3-af80-4098cbb33937}</UniqueIdentifier>
    </Filter>
  </ItemGroup>
  <ItemGroup>
    <ClInclude Include="..\..\include\groute\common.h">
      <Filter>groute</Filter>
    </ClInclude>
    <ClInclude Include="..\..\include\groute\communication.h">
      <Filter>groute</Filter>
    </ClInclude>
    <ClInclude Include="..\..\include\groute\context.h">
      <Filter>groute</Filter>
    </ClInclude>
    <ClInclude Include="..\..\include\groute\event_pool.h">
      <Filter>groute</Filter>
    </ClInclude>
    <ClInclude Include="..\..\include\groute\groute.h">
      <Filter>groute</Filter>
    </ClInclude>
    <ClInclude Include="..\..\include\groute\link.h">
      <Filter>groute</Filter>
    </ClInclude>
    <ClInclude Include="..\..\include\groute\memcpy.h">
      <Filter>groute</Filter>
    </ClInclude>
    <ClInclude Include="..\..\include\groute\memory_pool.h">
      <Filter>groute</Filter>
    </ClInclude>
    <ClInclude Include="..\..\include\groute\policy.h">
      <Filter>groute</Filter>
    </ClInclude>
    <ClInclude Include="..\..\include\groute\router.h">
      <Filter>groute</Filter>
    </ClInclude>
    <ClInclude Include="..\..\include\groute\graphs\common.h">
      <Filter>groute\graphs</Filter>
    </ClInclude>
    <ClInclude Include="..\..\include\groute\graphs\coo_graph.h">
      <Filter>groute\graphs</Filter>
    </ClInclude>
    <ClInclude Include="..\..\include\groute\graphs\csr_graph.h">
      <Filter>groute\graphs</Filter>
    </ClInclude>
    <ClInclude Include="..\..\include\groute\device\counter.cuh">
      <Filter>groute\device</Filter>
    </ClInclude>
    <ClInclude Include="..\..\include\groute\device\cta_scheduler.cuh">
      <Filter>groute\device</Filter>
    </ClInclude>
    <ClInclude Include="..\..\include\groute\device\queue.cuh">
      <Filter>groute\device</Filter>
    </ClInclude>
    <ClInclude Include="..\..\include\groute\device\signal.cuh">
      <Filter>groute\device</Filter>
    </ClInclude>
    <ClInclude Include="..\..\include\groute\dwl\distributed_worklist.cuh">
      <Filter>groute\dwl</Filter>
    </ClInclude>
    <ClInclude Include="..\..\include\groute\dwl\split_kernels.cuh">
      <Filter>groute\dwl</Filter>
    </ClInclude>
    <ClInclude Include="..\..\include\groute\dwl\work_kernels.cuh">
      <Filter>groute\dwl</Filter>
    </ClInclude>
    <ClInclude Include="..\..\include\groute\dwl\work_source.cuh">
      <Filter>groute\dwl</Filter>
    </ClInclude>
    <ClInclude Include="..\..\include\groute\dwl\work_target.cuh">
      <Filter>groute\dwl</Filter>
    </ClInclude>
    <ClInclude Include="..\..\include\groute\dwl\workers.cuh">
      <Filter>groute\dwl</Filter>
    </ClInclude>
    <ClInclude Include="..\..\include\groute\internal\cuda_utils.h">
      <Filter>groute\internal</Filter>
    </ClInclude>
    <ClInclude Include="..\..\include\groute\internal\pinned_allocation.h">
      <Filter>groute\internal</Filter>
    </ClInclude>
    <ClInclude Include="..\..\include\groute\internal\worker.h">
      <Filter>groute\internal</Filter>
    </ClInclude>
  </ItemGroup>
</Project>