<?xml version="1.0" encoding="utf-8"?>
<Project ToolsVersion="4.0" xmlns="http://schemas.microsoft.com/developer/msbuild/2003">
  <ItemGroup>
    <Filter Include="utils">
      <UniqueIdentifier>{ea7f8508-5651-4ff0-bac3-f1814cddadf1}</UniqueIdentifier>
    </Filter>
    <Filter Include="groute">
      <UniqueIdentifier>{4f76d359-70cc-4cf1-8a32-ae2c004687c7}</UniqueIdentifier>
    </Filter>
    <Filter Include="groute\internal">
      <UniqueIdentifier>{eaf48a8c-5c97-42eb-b94c-a6ee1cc78c3b}</UniqueIdentifier>
    </Filter>
    <Filter Include="groute\graphs">
      <UniqueIdentifier>{d47eafd6-d2b3-4ba2-a305-62eaaef084b6}</UniqueIdentifier>
    </Filter>
    <Filter Include="groute\worklist">
      <UniqueIdentifier>{796e08fa-da42-41fe-9514-40e62c5f36e0}</UniqueIdentifier>
    </Filter>
    <Filter Include="utils\graphs">
      <UniqueIdentifier>{50202d2c-eadd-4951-9549-93c8819ac7e8}</UniqueIdentifier>
    </Filter>
    <Filter Include="groute\device">
      <UniqueIdentifier>{aa1dddda-914f-4f54-9ea5-e95ad1f571b3}</UniqueIdentifier>
    </Filter>
  </ItemGroup>
  <ItemGroup>
    <ClInclude Include="..\..\include\groute\event_pool.h">
      <Filter>groute</Filter>
    </ClInclude>
    <ClInclude Include="..\..\include\groute\common.h">
      <Filter>groute</Filter>
    </ClInclude>
    <ClInclude Include="..\..\include\groute\memory_pool.h">
      <Filter>groute</Filter>
    </ClInclude>
    <ClInclude Include="..\..\include\groute\context.h">
      <Filter>groute</Filter>
    </ClInclude>
    <ClInclude Include="..\..\include\groute\router.h">
      <Filter>groute</Filter>
    </ClInclude>
    <ClInclude Include="..\..\include\utils\parser.h">
      <Filter>utils</Filter>
    </ClInclude>
    <ClInclude Include="..\..\include\utils\stopwatch.h">
      <Filter>utils</Filter>
    </ClInclude>
    <ClInclude Include="..\..\include\utils\utils.h">
      <Filter>utils</Filter>
    </ClInclude>
    <ClInclude Include="..\..\include\utils\interactor.h">
      <Filter>utils</Filter>
    </ClInclude>
    <ClInclude Include="..\..\include\groute\memcpy.h">
      <Filter>groute</Filter>
    </ClInclude>
    <ClInclude Include="bfs_common.h" />
    <ClInclude Include="..\..\include\utils\app_skeleton.h">
      <Filter>utils</Filter>
    </ClInclude>
    <ClInclude Include="..\..\include\utils\markers.h">
      <Filter>utils</Filter>
    </ClInclude>
    <ClInclude Include="..\..\include\groute\graphs\common.h">
      <Filter>groute\graphs</Filter>
    </ClInclude>
    <ClInclude Include="..\..\include\groute\graphs\coo_graph.h">
      <Filter>groute\graphs</Filter>
    </ClInclude>
    <ClInclude Include="..\..\include\groute\graphs\csr_graph.h">
      <Filter>groute\graphs</Filter>
    </ClInclude>
    <ClInclude Include="..\..\include\groute\internal\pinned_allocation.h">
      <Filter>groute\internal</Filter>
    </ClInclude>
    <ClInclude Include="..\..\include\groute\internal\worker.h">
      <Filter>groute\internal</Filter>
    </ClInclude>
    <ClInclude Include="..\..\include\groute\link.h">
      <Filter>groute</Filter>
    </ClInclude>
    <ClInclude Include="..\..\include\groute\internal\cuda_utils.h">
      <Filter>groute\internal</Filter>
    </ClInclude>
    <ClInclude Include="..\..\include\groute\communication.h">
      <Filter>groute</Filter>
    </ClInclude>
    <ClInclude Include="..\..\include\groute\groute.h">
      <Filter>groute</Filter>
    </ClInclude>
    <ClInclude Include="..\..\include\groute\policy.h">
      <Filter>groute</Filter>
    </ClInclude>
    <ClInclude Include="..\..\include\groute\worklist\distributed_worklist.cu.h">
      <Filter>groute\worklist</Filter>
    </ClInclude>
    <ClInclude Include="..\..\include\groute\worklist\work_kernels.cu.h">
      <Filter>groute\worklist</Filter>
    </ClInclude>
    <ClInclude Include="..\..\include\groute\worklist\work_source.cu.h">
      <Filter>groute\worklist</Filter>
    </ClInclude>
    <ClInclude Include="..\..\include\groute\worklist\work_target.cu.h">
      <Filter>groute\worklist</Filter>
    </ClInclude>
    <ClInclude Include="..\..\include\groute\worklist\workers.cu.h">
      <Filter>groute\worklist</Filter>
    </ClInclude>
    <ClInclude Include="..\..\include\utils\graphs\traversal.h">
      <Filter>utils\graphs</Filter>
    </ClInclude>
    <ClInclude Include="..\..\include\groute\device\counter.cu.h">
      <Filter>groute\device</Filter>
    </ClInclude>
    <ClInclude Include="..\..\include\groute\device\cta_scheduler.cu.h">
      <Filter>groute\device</Filter>
    </ClInclude>
    <ClInclude Include="..\..\include\groute\device\signal.cu.h">
      <Filter>groute\device</Filter>
    </ClInclude>
    <ClInclude Include="..\..\include\groute\worklist\split_kernels.cu.h">
      <Filter>groute\worklist</Filter>
    </ClInclude>
    <ClInclude Include="..\..\include\groute\device\queue.cu.h">
      <Filter>groute\device</Filter>
    </ClInclude>
  </ItemGroup>
  <ItemGroup>
    <ClCompile Include="main.cpp" />
    <ClCompile Include="..\..\src\utils\parser.cpp">
      <Filter>utils</Filter>
    </ClCompile>
    <ClCompile Include="..\..\src\utils\utils.cpp">
      <Filter>utils</Filter>
    </ClCompile>
    <ClCompile Include="bfs_host.cpp" />
    <ClCompile Include="..\..\src\groute\graphs\csr_graph.cpp" />
  </ItemGroup>
  <ItemGroup>
    <CudaCompile Include="bfs_async.cu" />
  </ItemGroup>
</Project>